<Solution>
  <Folder Name="/src/">
    <Project Path="src/Harmonia.Domain/Harmonia.Domain.csproj" Id="2bc8b61c-4cd3-40a4-b6af-bff5db694e48" />
    <Project Path="src/Harmonia.API/Harmonia.API.csproj" />
    <Project Path="src/Harmonia.Application/Harmonia.Application.csproj" />
    <Project Path="src/Harmonia.Infrastructure/Harmonia.Infrastructure.csproj" />
  </Folder>
  <Folder Name="/test/">
    <Project Path="test/Harmonia.API.Tests/Harmonia.API.Tests.csproj" />
    <Project Path="test/Harmonia.Application.Tests/Harmonia.Application.Tests.csproj" />
    <Project Path="test/Harmonia.Domain.Tests/Harmonia.Domain.Tests.csproj" />
    <Project Path="test/Harmonia.Infrastructure.Tests/Harmonia.Infrastructure.Tests.csproj" />
  </Folder>
</Solution>
